github.com/sashabaranov/go-openai v1.38.0 h1:hNN5uolKwdbpiqOn7l+Z2alch/0n0rSFyg4n+GZxR5k=
github.com/sashabaranov/go-openai v1.38.0/go.mod h1:lj5b/K+zjTSFxVLijLSTDZuP7adOgerWeFyZLUhAKRg=
github.com/spf13/pflag v1.0.7 h1:vN6T9TfwStFPFM5XzjsvmzZkLuaLX+HS+0SeFLRgU6M=
github.com/spf13/pflag v1.0.7/go.mod h1:McXfInJRrz4CZXVZOBLb0bTZqETkiAhM9Iw0y3An2Bg=
